
Microsoft Visual Studio Solution File, Format Version 12.00
# Visual Studio Version 17
VisualStudioVersion = 17.10.34928.147
MinimumVisualStudioVersion = 10.0.40219.1
Project("{FAE04EC0-301F-11D3-BF4B-00C04F79EFBC}") = "MyWindowsService", "MyWindowsService\MyWindowsService.csproj", "{5EE95598-1EDB-4929-AE39-1CECE2D11B44}"
EndProject
Project("{FAE04EC0-301F-11D3-BF4B-00C04F79EFBC}") = "projDependency", "projDependency\projDependency.csproj", "{AB585F01-EFEE-411A-A1B9-CFE246F62657}"
EndProject
Project("{FAE04EC0-301F-11D3-BF4B-00C04F79EFBC}") = "lowerversion", "lowerversion\lowerversion.csproj", "{B5DE2622-B0D9-4AED-A0C8-2263776D66DF}"
EndProject
Project("{FAE04EC0-301F-11D3-BF4B-00C04F79EFBC}") = "lowerversiondep", "lowerversiondep\lowerversiondep.csproj", "{D2D49C14-B307-4D05-82C5-552D8F06D979}"
EndProject
Global
	GlobalSection(SolutionConfigurationPlatforms) = preSolution
		Debug|Any CPU = Debug|Any CPU
		Release|Any CPU = Release|Any CPU
	EndGlobalSection
	GlobalSection(ProjectConfigurationPlatforms) = postSolution
		{5EE95598-1EDB-4929-AE39-1CECE2D11B44}.Debug|Any CPU.ActiveCfg = Debug|Any CPU
		{5EE95598-1EDB-4929-AE39-1CECE2D11B44}.Debug|Any CPU.Build.0 = Debug|Any CPU
		{5EE95598-1EDB-4929-AE39-1CECE2D11B44}.Release|Any CPU.ActiveCfg = Release|Any CPU
		{5EE95598-1EDB-4929-AE39-1CECE2D11B44}.Release|Any CPU.Build.0 = Release|Any CPU
		{AB585F01-EFEE-411A-A1B9-CFE246F62657}.Debug|Any CPU.ActiveCfg = Debug|Any CPU
		{AB585F01-EFEE-411A-A1B9-CFE246F62657}.Debug|Any CPU.Build.0 = Debug|Any CPU
		{AB585F01-EFEE-411A-A1B9-CFE246F62657}.Release|Any CPU.ActiveCfg = Release|Any CPU
		{AB585F01-EFEE-411A-A1B9-CFE246F62657}.Release|Any CPU.Build.0 = Release|Any CPU
		{B5DE2622-B0D9-4AED-A0C8-2263776D66DF}.Debug|Any CPU.ActiveCfg = Debug|Any CPU
		{B5DE2622-B0D9-4AED-A0C8-2263776D66DF}.Debug|Any CPU.Build.0 = Debug|Any CPU
		{B5DE2622-B0D9-4AED-A0C8-2263776D66DF}.Release|Any CPU.ActiveCfg = Release|Any CPU
		{B5DE2622-B0D9-4AED-A0C8-2263776D66DF}.Release|Any CPU.Build.0 = Release|Any CPU
		{D2D49C14-B307-4D05-82C5-552D8F06D979}.Debug|Any CPU.ActiveCfg = Debug|Any CPU
		{D2D49C14-B307-4D05-82C5-552D8F06D979}.Debug|Any CPU.Build.0 = Debug|Any CPU
		{D2D49C14-B307-4D05-82C5-552D8F06D979}.Release|Any CPU.ActiveCfg = Release|Any CPU
		{D2D49C14-B307-4D05-82C5-552D8F06D979}.Release|Any CPU.Build.0 = Release|Any CPU
	EndGlobalSection
	GlobalSection(SolutionProperties) = preSolution
		HideSolutionNode = FALSE
	EndGlobalSection
	GlobalSection(ExtensibilityGlobals) = postSolution
		SolutionGuid = {238A66EA-5D7D-4B58-8AA7-6F9295EC02EB}
	EndGlobalSection
EndGlobal
