
Microsoft Visual Studio Solution File, Format Version 12.00
# Visual Studio Version 17
VisualStudioVersion = 17.10.34928.147
MinimumVisualStudioVersion = 10.0.40219.1
Project("{9A19103F-16F7-4668-BE54-9A1E7A4F7556}") = "UnencryptedManualDataRequester", "..\ConsoleApp3\ConsoleApp3\UnencryptedManualDataRequester.csproj", "{8F0A0EA7-C0A6-4A93-8F9C-2F629FBC01B7}"
EndProject
Project("{9A19103F-16F7-4668-BE54-9A1E7A4F7556}") = "UnencryptedDataSender", "plainconsolefortesting\UnencryptedDataSender.csproj", "{C0DB4B8A-C687-4B9C-A63A-9CDF5E105B4A}"
EndProject
Project("{FAE04EC0-301F-11D3-BF4B-00C04F79EFBC}") = "UnencryptedListenerService", "dotNetService\UnencryptedListenerService.csproj", "{215E20C6-E18A-400A-97F0-B49366089069}"
EndProject
Project("{FAE04EC0-301F-11D3-BF4B-00C04F79EFBC}") = "dotNetClassLibrary", "dotNetClassLibrary\dotNetClassLibrary.csproj", "{6877B8C2-9D67-4092-AA3C-75C9540AB77C}"
EndProject
Project("{FAE04EC0-301F-11D3-BF4B-00C04F79EFBC}") = "UnencryptedTimedPinger", "TimedPinger\UnencryptedTimedPinger.csproj", "{21C0A6AB-ED9C-49FA-BDEF-2159DF31C970}"
EndProject
Project("{FAE04EC0-301F-11D3-BF4B-00C04F79EFBC}") = "UnencryptedRateFilter", "RateFilter\UnencryptedRateFilter.csproj", "{3FEF4C0D-C357-41DE-98F5-E7ECD4BD9466}"
EndProject
Project("{FAE04EC0-301F-11D3-BF4B-00C04F79EFBC}") = "EncryptionDecryption", "EncryptionDecryption\EncryptionDecryption.csproj", "{2017109A-A22F-40D7-92BC-24639B71970C}"
EndProject
Project("{FAE04EC0-301F-11D3-BF4B-00C04F79EFBC}") = "EncryptedDataProvider", "testproj\EncryptedDataProvider.csproj", "{A5E6FB5F-7E28-4EA3-A8EB-38A44F6AABE8}"
EndProject
Project("{FAE04EC0-301F-11D3-BF4B-00C04F79EFBC}") = "EncryptedTimedPinger", "TimedPingerWIthEncryption\EncryptedTimedPinger.csproj", "{014796BF-C5C9-498B-A96C-38EC295ABCAA}"
EndProject
Project("{FAE04EC0-301F-11D3-BF4B-00C04F79EFBC}") = "UnencryptedUpstreamRateManager", "UnencryptedUpstreamRateManager\UnencryptedUpstreamRateManager.csproj", "{CB96EB8A-8641-4D83-9EE8-14C28502937C}"
EndProject
Project("{FAE04EC0-301F-11D3-BF4B-00C04F79EFBC}") = "EvilClass", "EvilClass\EvilClass.csproj", "{CB53AE9F-045F-4823-BB10-C92F8DF81411}"
EndProject
Project("{FAE04EC0-301F-11D3-BF4B-00C04F79EFBC}") = "SQLRCE", "SQLRCE\SQLRCE.csproj", "{F492BCBD-E4FE-4FE0-B96D-FA3EE0078DFB}"
EndProject
Global
	GlobalSection(SolutionConfigurationPlatforms) = preSolution
		Debug|Any CPU = Debug|Any CPU
		Release|Any CPU = Release|Any CPU
	EndGlobalSection
	GlobalSection(ProjectConfigurationPlatforms) = postSolution
		{8F0A0EA7-C0A6-4A93-8F9C-2F629FBC01B7}.Debug|Any CPU.ActiveCfg = Debug|Any CPU
		{8F0A0EA7-C0A6-4A93-8F9C-2F629FBC01B7}.Debug|Any CPU.Build.0 = Debug|Any CPU
		{8F0A0EA7-C0A6-4A93-8F9C-2F629FBC01B7}.Release|Any CPU.ActiveCfg = Release|Any CPU
		{8F0A0EA7-C0A6-4A93-8F9C-2F629FBC01B7}.Release|Any CPU.Build.0 = Release|Any CPU
		{C0DB4B8A-C687-4B9C-A63A-9CDF5E105B4A}.Debug|Any CPU.ActiveCfg = Debug|Any CPU
		{C0DB4B8A-C687-4B9C-A63A-9CDF5E105B4A}.Debug|Any CPU.Build.0 = Debug|Any CPU
		{C0DB4B8A-C687-4B9C-A63A-9CDF5E105B4A}.Release|Any CPU.ActiveCfg = Release|Any CPU
		{C0DB4B8A-C687-4B9C-A63A-9CDF5E105B4A}.Release|Any CPU.Build.0 = Release|Any CPU
		{215E20C6-E18A-400A-97F0-B49366089069}.Debug|Any CPU.ActiveCfg = Debug|Any CPU
		{215E20C6-E18A-400A-97F0-B49366089069}.Debug|Any CPU.Build.0 = Debug|Any CPU
		{215E20C6-E18A-400A-97F0-B49366089069}.Release|Any CPU.ActiveCfg = Release|Any CPU
		{215E20C6-E18A-400A-97F0-B49366089069}.Release|Any CPU.Build.0 = Release|Any CPU
		{6877B8C2-9D67-4092-AA3C-75C9540AB77C}.Debug|Any CPU.ActiveCfg = Debug|Any CPU
		{6877B8C2-9D67-4092-AA3C-75C9540AB77C}.Debug|Any CPU.Build.0 = Debug|Any CPU
		{6877B8C2-9D67-4092-AA3C-75C9540AB77C}.Release|Any CPU.ActiveCfg = Release|Any CPU
		{6877B8C2-9D67-4092-AA3C-75C9540AB77C}.Release|Any CPU.Build.0 = Release|Any CPU
		{21C0A6AB-ED9C-49FA-BDEF-2159DF31C970}.Debug|Any CPU.ActiveCfg = Debug|Any CPU
		{21C0A6AB-ED9C-49FA-BDEF-2159DF31C970}.Debug|Any CPU.Build.0 = Debug|Any CPU
		{21C0A6AB-ED9C-49FA-BDEF-2159DF31C970}.Release|Any CPU.ActiveCfg = Release|Any CPU
		{21C0A6AB-ED9C-49FA-BDEF-2159DF31C970}.Release|Any CPU.Build.0 = Release|Any CPU
		{3FEF4C0D-C357-41DE-98F5-E7ECD4BD9466}.Debug|Any CPU.ActiveCfg = Debug|Any CPU
		{3FEF4C0D-C357-41DE-98F5-E7ECD4BD9466}.Debug|Any CPU.Build.0 = Debug|Any CPU
		{3FEF4C0D-C357-41DE-98F5-E7ECD4BD9466}.Release|Any CPU.ActiveCfg = Release|Any CPU
		{3FEF4C0D-C357-41DE-98F5-E7ECD4BD9466}.Release|Any CPU.Build.0 = Release|Any CPU
		{2017109A-A22F-40D7-92BC-24639B71970C}.Debug|Any CPU.ActiveCfg = Debug|Any CPU
		{2017109A-A22F-40D7-92BC-24639B71970C}.Debug|Any CPU.Build.0 = Debug|Any CPU
		{2017109A-A22F-40D7-92BC-24639B71970C}.Release|Any CPU.ActiveCfg = Release|Any CPU
		{2017109A-A22F-40D7-92BC-24639B71970C}.Release|Any CPU.Build.0 = Release|Any CPU
		{A5E6FB5F-7E28-4EA3-A8EB-38A44F6AABE8}.Debug|Any CPU.ActiveCfg = Debug|Any CPU
		{A5E6FB5F-7E28-4EA3-A8EB-38A44F6AABE8}.Debug|Any CPU.Build.0 = Debug|Any CPU
		{A5E6FB5F-7E28-4EA3-A8EB-38A44F6AABE8}.Release|Any CPU.ActiveCfg = Release|Any CPU
		{A5E6FB5F-7E28-4EA3-A8EB-38A44F6AABE8}.Release|Any CPU.Build.0 = Release|Any CPU
		{014796BF-C5C9-498B-A96C-38EC295ABCAA}.Debug|Any CPU.ActiveCfg = Debug|Any CPU
		{014796BF-C5C9-498B-A96C-38EC295ABCAA}.Debug|Any CPU.Build.0 = Debug|Any CPU
		{014796BF-C5C9-498B-A96C-38EC295ABCAA}.Release|Any CPU.ActiveCfg = Release|Any CPU
		{014796BF-C5C9-498B-A96C-38EC295ABCAA}.Release|Any CPU.Build.0 = Release|Any CPU
		{CB96EB8A-8641-4D83-9EE8-14C28502937C}.Debug|Any CPU.ActiveCfg = Debug|Any CPU
		{CB96EB8A-8641-4D83-9EE8-14C28502937C}.Debug|Any CPU.Build.0 = Debug|Any CPU
		{CB96EB8A-8641-4D83-9EE8-14C28502937C}.Release|Any CPU.ActiveCfg = Release|Any CPU
		{CB96EB8A-8641-4D83-9EE8-14C28502937C}.Release|Any CPU.Build.0 = Release|Any CPU
		{CB53AE9F-045F-4823-BB10-C92F8DF81411}.Debug|Any CPU.ActiveCfg = Debug|Any CPU
		{CB53AE9F-045F-4823-BB10-C92F8DF81411}.Debug|Any CPU.Build.0 = Debug|Any CPU
		{CB53AE9F-045F-4823-BB10-C92F8DF81411}.Release|Any CPU.ActiveCfg = Release|Any CPU
		{CB53AE9F-045F-4823-BB10-C92F8DF81411}.Release|Any CPU.Build.0 = Release|Any CPU
		{F492BCBD-E4FE-4FE0-B96D-FA3EE0078DFB}.Debug|Any CPU.ActiveCfg = Debug|Any CPU
		{F492BCBD-E4FE-4FE0-B96D-FA3EE0078DFB}.Debug|Any CPU.Build.0 = Debug|Any CPU
		{F492BCBD-E4FE-4FE0-B96D-FA3EE0078DFB}.Release|Any CPU.ActiveCfg = Release|Any CPU
		{F492BCBD-E4FE-4FE0-B96D-FA3EE0078DFB}.Release|Any CPU.Build.0 = Release|Any CPU
	EndGlobalSection
	GlobalSection(SolutionProperties) = preSolution
		HideSolutionNode = FALSE
	EndGlobalSection
	GlobalSection(ExtensibilityGlobals) = postSolution
		SolutionGuid = {46D73E94-4AB8-429F-9DB4-FE4909C8F1F4}
	EndGlobalSection
EndGlobal
